// !$*UTF8*$!
{
	archiveVersion = 1;
	classes = {
	};
	objectVersion = 46;
	objects = {

/* Begin PBXBuildFile section */
		C529166C1DDDA53F0052467D /* StandardFixedWidthMenuOptions.swift in Sources */ = {isa = PBXBuildFile; fileRef = C529166B1DDDA53F0052467D /* StandardFixedWidthMenuOptions.swift */; };
		C529166E1DDDA5B40052467D /* StandardFlexibleWidthMenuOptions.swift in Sources */ = {isa = PBXBuildFile; fileRef = C529166D1DDDA5B40052467D /* StandardFlexibleWidthMenuOptions.swift */; };
		C52916701DDDA5EC0052467D /* InfiniteFlexibleWidthMenuOptions.swift in Sources */ = {isa = PBXBuildFile; fileRef = C529166F1DDDA5EC0052467D /* InfiniteFlexibleWidthMenuOptions.swift */; };
		C5D369701DD58CDC005D23EE /* AppDelegate.swift in Sources */ = {isa = PBXBuildFile; fileRef = C5D3696F1DD58CDC005D23EE /* AppDelegate.swift */; };
		C5D369801DD58CDC005D23EE /* Assets.xcassets in Resources */ = {isa = PBXBuildFile; fileRef = C5D3697F1DD58CDC005D23EE /* Assets.xcassets */; };
		C5D369831DD58CDC005D23EE /* LaunchScreen.storyboard in Resources */ = {isa = PBXBuildFile; fileRef = C5D369811DD58CDC005D23EE /* LaunchScreen.storyboard */; };
		C5D3698B1DD58CFC005D23EE /* ViewController.swift in Sources */ = {isa = PBXBuildFile; fileRef = C5D3698A1DD58CFC005D23EE /* ViewController.swift */; };
		C5D369AB1DD59B63005D23EE /* PageTabViewController.framework in Frameworks */ = {isa = PBXBuildFile; fileRef = C5D369AA1DD59B63005D23EE /* PageTabViewController.framework */; };
		C5D369AC1DD59B63005D23EE /* PageTabViewController.framework in Embed Frameworks */ = {isa = PBXBuildFile; fileRef = C5D369AA1DD59B63005D23EE /* PageTabViewController.framework */; settings = {ATTRIBUTES = (CodeSignOnCopy, RemoveHeadersOnCopy, ); }; };
		C5FFE4AD1E56EC28005F43BC /* StandardFlexibleWidthBottomMenuOptions.swift in Sources */ = {isa = PBXBuildFile; fileRef = C5FFE4AC1E56EC28005F43BC /* StandardFlexibleWidthBottomMenuOptions.swift */; };
/* End PBXBuildFile section */

/* Begin PBXCopyFilesBuildPhase section */
		C5D369AD1DD59B63005D23EE /* Embed Frameworks */ = {
			isa = PBXCopyFilesBuildPhase;
			buildActionMask = 2147483647;
			dstPath = "";
			dstSubfolderSpec = 10;
			files = (
				C5D369AC1DD59B63005D23EE /* PageTabViewController.framework in Embed Frameworks */,
			);
			name = "Embed Frameworks";
			runOnlyForDeploymentPostprocessing = 0;
		};
/* End PBXCopyFilesBuildPhase section */

/* Begin PBXFileReference section */
		C529166B1DDDA53F0052467D /* StandardFixedWidthMenuOptions.swift */ = {isa = PBXFileReference; fileEncoding = 4; lastKnownFileType = sourcecode.swift; path = StandardFixedWidthMenuOptions.swift; sourceTree = "<group>"; };
		C529166D1DDDA5B40052467D /* StandardFlexibleWidthMenuOptions.swift */ = {isa = PBXFileReference; fileEncoding = 4; lastKnownFileType = sourcecode.swift; path = StandardFlexibleWidthMenuOptions.swift; sourceTree = "<group>"; };
		C529166F1DDDA5EC0052467D /* InfiniteFlexibleWidthMenuOptions.swift */ = {isa = PBXFileReference; fileEncoding = 4; lastKnownFileType = sourcecode.swift; path = InfiniteFlexibleWidthMenuOptions.swift; sourceTree = "<group>"; };
		C5D3696C1DD58CDC005D23EE /* Example.app */ = {isa = PBXFileReference; explicitFileType = wrapper.application; includeInIndex = 0; path = Example.app; sourceTree = BUILT_PRODUCTS_DIR; };
		C5D3696F1DD58CDC005D23EE /* AppDelegate.swift */ = {isa = PBXFileReference; lastKnownFileType = sourcecode.swift; path = AppDelegate.swift; sourceTree = "<group>"; };
		C5D369751DD58CDC005D23EE /* Example-Bridging-Header.h */ = {isa = PBXFileReference; lastKnownFileType = sourcecode.c.h; path = "Example-Bridging-Header.h"; sourceTree = "<group>"; };
		C5D3697F1DD58CDC005D23EE /* Assets.xcassets */ = {isa = PBXFileReference; lastKnownFileType = folder.assetcatalog; path = Assets.xcassets; sourceTree = "<group>"; };
		C5D369821DD58CDC005D23EE /* Base */ = {isa = PBXFileReference; lastKnownFileType = file.storyboard; name = Base; path = Base.lproj/LaunchScreen.storyboard; sourceTree = "<group>"; };
		C5D369841DD58CDC005D23EE /* Info.plist */ = {isa = PBXFileReference; lastKnownFileType = text.plist.xml; path = Info.plist; sourceTree = "<group>"; };
		C5D3698A1DD58CFC005D23EE /* ViewController.swift */ = {isa = PBXFileReference; fileEncoding = 4; lastKnownFileType = sourcecode.swift; path = ViewController.swift; sourceTree = "<group>"; };
		C5D369AA1DD59B63005D23EE /* PageTabViewController.framework */ = {isa = PBXFileReference; explicitFileType = wrapper.framework; path = PageTabViewController.framework; sourceTree = BUILT_PRODUCTS_DIR; };
		C5FFE4AC1E56EC28005F43BC /* StandardFlexibleWidthBottomMenuOptions.swift */ = {isa = PBXFileReference; fileEncoding = 4; lastKnownFileType = sourcecode.swift; path = StandardFlexibleWidthBottomMenuOptions.swift; sourceTree = "<group>"; };
/* End PBXFileReference section */

/* Begin PBXFrameworksBuildPhase section */
		C5D369691DD58CDC005D23EE /* Frameworks */ = {
			isa = PBXFrameworksBuildPhase;
			buildActionMask = 2147483647;
			files = (
				C5D369AB1DD59B63005D23EE /* PageTabViewController.framework in Frameworks */,
			);
			runOnlyForDeploymentPostprocessing = 0;
		};
/* End PBXFrameworksBuildPhase section */

/* Begin PBXGroup section */
		C5D369631DD58CDC005D23EE = {
			isa = PBXGroup;
			children = (
				C5D369AE1DD59B90005D23EE /* Framework */,
				C5D3696E1DD58CDC005D23EE /* Example */,
				C5D3696D1DD58CDC005D23EE /* Products */,
			);
			sourceTree = "<group>";
		};
		C5D3696D1DD58CDC005D23EE /* Products */ = {
			isa = PBXGroup;
			children = (
				C5D3696C1DD58CDC005D23EE /* Example.app */,
			);
			name = Products;
			sourceTree = "<group>";
		};
		C5D3696E1DD58CDC005D23EE /* Example */ = {
			isa = PBXGroup;
			children = (
				C5D3696F1DD58CDC005D23EE /* AppDelegate.swift */,
				C5D3698A1DD58CFC005D23EE /* ViewController.swift */,
				C529166B1DDDA53F0052467D /* StandardFixedWidthMenuOptions.swift */,
				C529166D1DDDA5B40052467D /* StandardFlexibleWidthMenuOptions.swift */,
				C5FFE4AC1E56EC28005F43BC /* StandardFlexibleWidthBottomMenuOptions.swift */,
				C529166F1DDDA5EC0052467D /* InfiniteFlexibleWidthMenuOptions.swift */,
				C5D369751DD58CDC005D23EE /* Example-Bridging-Header.h */,
				C5D3697F1DD58CDC005D23EE /* Assets.xcassets */,
				C5D369811DD58CDC005D23EE /* LaunchScreen.storyboard */,
				C5D369841DD58CDC005D23EE /* Info.plist */,
			);
			path = Example;
			sourceTree = "<group>";
		};
		C5D369AE1DD59B90005D23EE /* Framework */ = {
			isa = PBXGroup;
			children = (
				C5D369AA1DD59B63005D23EE /* PageTabViewController.framework */,
			);
			name = Framework;
			sourceTree = "<group>";
		};
/* End PBXGroup section */

/* Begin PBXNativeTarget section */
		C5D3696B1DD58CDC005D23EE /* Example */ = {
			isa = PBXNativeTarget;
			buildConfigurationList = C5D369871DD58CDC005D23EE /* Build configuration list for PBXNativeTarget "Example" */;
			buildPhases = (
				C5D369681DD58CDC005D23EE /* Sources */,
				C5D369691DD58CDC005D23EE /* Frameworks */,
				C5D3696A1DD58CDC005D23EE /* Resources */,
				C5D369AD1DD59B63005D23EE /* Embed Frameworks */,
			);
			buildRules = (
			);
			dependencies = (
			);
			name = Example;
			productName = Example;
			productReference = C5D3696C1DD58CDC005D23EE /* Example.app */;
			productType = "com.apple.product-type.application";
		};
/* End PBXNativeTarget section */

/* Begin PBXProject section */
		C5D369641DD58CDC005D23EE /* Project object */ = {
			isa = PBXProject;
			attributes = {
				LastSwiftUpdateCheck = 0810;
				LastUpgradeCheck = 0820;
				ORGANIZATIONNAME = tamanyan;
				TargetAttributes = {
					C5D3696B1DD58CDC005D23EE = {
						CreatedOnToolsVersion = 8.1;
						DevelopmentTeam = 95Q9F9WGT3;
						ProvisioningStyle = Automatic;
					};
				};
			};
			buildConfigurationList = C5D369671DD58CDC005D23EE /* Build configuration list for PBXProject "Example" */;
			compatibilityVersion = "Xcode 3.2";
			developmentRegion = English;
			hasScannedForEncodings = 0;
			knownRegions = (
				en,
				Base,
			);
			mainGroup = C5D369631DD58CDC005D23EE;
			productRefGroup = C5D3696D1DD58CDC005D23EE /* Products */;
			projectDirPath = "";
			projectRoot = "";
			targets = (
				C5D3696B1DD58CDC005D23EE /* Example */,
			);
		};
/* End PBXProject section */

/* Begin PBXResourcesBuildPhase section */
		C5D3696A1DD58CDC005D23EE /* Resources */ = {
			isa = PBXResourcesBuildPhase;
			buildActionMask = 2147483647;
			files = (
				C5D369801DD58CDC005D23EE /* Assets.xcassets in Resources */,
				C5D369831DD58CDC005D23EE /* LaunchScreen.storyboard in Resources */,
			);
			runOnlyForDeploymentPostprocessing = 0;
		};
/* End PBXResourcesBuildPhase section */

/* Begin PBXSourcesBuildPhase section */
		C5D369681DD58CDC005D23EE /* Sources */ = {
			isa = PBXSourcesBuildPhase;
			buildActionMask = 2147483647;
			files = (
				C529166C1DDDA53F0052467D /* StandardFixedWidthMenuOptions.swift in Sources */,
				C5FFE4AD1E56EC28005F43BC /* StandardFlexibleWidthBottomMenuOptions.swift in Sources */,
				C5D3698B1DD58CFC005D23EE /* ViewController.swift in Sources */,
				C529166E1DDDA5B40052467D /* StandardFlexibleWidthMenuOptions.swift in Sources */,
				C52916701DDDA5EC0052467D /* InfiniteFlexibleWidthMenuOptions.swift in Sources */,
				C5D369701DD58CDC005D23EE /* AppDelegate.swift in Sources */,
			);
			runOnlyForDeploymentPostprocessing = 0;
		};
/* End PBXSourcesBuildPhase section */

/* Begin PBXVariantGroup section */
		C5D369811DD58CDC005D23EE /* LaunchScreen.storyboard */ = {
			isa = PBXVariantGroup;
			children = (
				C5D369821DD58CDC005D23EE /* Base */,
			);
			name = LaunchScreen.storyboard;
			sourceTree = "<group>";
		};
/* End PBXVariantGroup section */

/* Begin XCBuildConfiguration section */
		C5D369851DD58CDC005D23EE /* Debug */ = {
			isa = XCBuildConfiguration;
			buildSettings = {
				ALWAYS_SEARCH_USER_PATHS = NO;
				CLANG_ANALYZER_NONNULL = YES;
				CLANG_CXX_LANGUAGE_STANDARD = "gnu++0x";
				CLANG_CXX_LIBRARY = "libc++";
				CLANG_ENABLE_MODULES = YES;
				CLANG_ENABLE_OBJC_ARC = YES;
				CLANG_WARN_BOOL_CONVERSION = YES;
				CLANG_WARN_CONSTANT_CONVERSION = YES;
				CLANG_WARN_DIRECT_OBJC_ISA_USAGE = YES_ERROR;
				CLANG_WARN_DOCUMENTATION_COMMENTS = YES;
				CLANG_WARN_EMPTY_BODY = YES;
				CLANG_WARN_ENUM_CONVERSION = YES;
				CLANG_WARN_INFINITE_RECURSION = YES;
				CLANG_WARN_INT_CONVERSION = YES;
				CLANG_WARN_OBJC_ROOT_CLASS = YES_ERROR;
				CLANG_WARN_SUSPICIOUS_MOVE = YES;
				CLANG_WARN_SUSPICIOUS_MOVES = YES;
				CLANG_WARN_UNREACHABLE_CODE = YES;
				CLANG_WARN__DUPLICATE_METHOD_MATCH = YES;
				"CODE_SIGN_IDENTITY[sdk=iphoneos*]" = "iPhone Developer";
				COPY_PHASE_STRIP = NO;
				DEBUG_INFORMATION_FORMAT = dwarf;
				ENABLE_STRICT_OBJC_MSGSEND = YES;
				ENABLE_TESTABILITY = YES;
				GCC_C_LANGUAGE_STANDARD = gnu99;
				GCC_DYNAMIC_NO_PIC = NO;
				GCC_NO_COMMON_BLOCKS = YES;
				GCC_OPTIMIZATION_LEVEL = 0;
				GCC_PREPROCESSOR_DEFINITIONS = (
					"DEBUG=1",
					"$(inherited)",
				);
				GCC_WARN_64_TO_32_BIT_CONVERSION = YES;
				GCC_WARN_ABOUT_RETURN_TYPE = YES_ERROR;
				GCC_WARN_UNDECLARED_SELECTOR = YES;
				GCC_WARN_UNINITIALIZED_AUTOS = YES_AGGRESSIVE;
				GCC_WARN_UNUSED_FUNCTION = YES;
				GCC_WARN_UNUSED_VARIABLE = YES;
				IPHONEOS_DEPLOYMENT_TARGET = 10.1;
				MTL_ENABLE_DEBUG_INFO = YES;
				ONLY_ACTIVE_ARCH = YES;
				SDKROOT = iphoneos;
				SWIFT_ACTIVE_COMPILATION_CONDITIONS = DEBUG;
				SWIFT_OPTIMIZATION_LEVEL = "-Onone";
				TARGETED_DEVICE_FAMILY = "1,2";
			};
			name = Debug;
		};
		C5D369861DD58CDC005D23EE /* Release */ = {
			isa = XCBuildConfiguration;
			buildSettings = {
				ALWAYS_SEARCH_USER_PATHS = NO;
				CLANG_ANALYZER_NONNULL = YES;
				CLANG_CXX_LANGUAGE_STANDARD = "gnu++0x";
				CLANG_CXX_LIBRARY = "libc++";
				CLANG_ENABLE_MODULES = YES;
				CLANG_ENABLE_OBJC_ARC = YES;
				CLANG_WARN_BOOL_CONVERSION = YES;
				CLANG_WARN_CONSTANT_CONVERSION = YES;
				CLANG_WARN_DIRECT_OBJC_ISA_USAGE = YES_ERROR;
				CLANG_WARN_DOCUMENTATION_COMMENTS = YES;
				CLANG_WARN_EMPTY_BODY = YES;
				CLANG_WARN_ENUM_CONVERSION = YES;
				CLANG_WARN_INFINITE_RECURSION = YES;
				CLANG_WARN_INT_CONVERSION = YES;
				CLANG_WARN_OBJC_ROOT_CLASS = YES_ERROR;
				CLANG_WARN_SUSPICIOUS_MOVE = YES;
				CLANG_WARN_SUSPICIOUS_MOVES = YES;
				CLANG_WARN_UNREACHABLE_CODE = YES;
				CLANG_WARN__DUPLICATE_METHOD_MATCH = YES;
				"CODE_SIGN_IDENTITY[sdk=iphoneos*]" = "iPhone Developer";
				COPY_PHASE_STRIP = NO;
				DEBUG_INFORMATION_FORMAT = "dwarf-with-dsym";
				ENABLE_NS_ASSERTIONS = NO;
				ENABLE_STRICT_OBJC_MSGSEND = YES;
				GCC_C_LANGUAGE_STANDARD = gnu99;
				GCC_NO_COMMON_BLOCKS = YES;
				GCC_WARN_64_TO_32_BIT_CONVERSION = YES;
				GCC_WARN_ABOUT_RETURN_TYPE = YES_ERROR;
				GCC_WARN_UNDECLARED_SELECTOR = YES;
				GCC_WARN_UNINITIALIZED_AUTOS = YES_AGGRESSIVE;
				GCC_WARN_UNUSED_FUNCTION = YES;
				GCC_WARN_UNUSED_VARIABLE = YES;
				IPHONEOS_DEPLOYMENT_TARGET = 10.1;
				MTL_ENABLE_DEBUG_INFO = NO;
				SDKROOT = iphoneos;
				SWIFT_OPTIMIZATION_LEVEL = "-Owholemodule";
				TARGETED_DEVICE_FAMILY = "1,2";
				VALIDATE_PRODUCT = YES;
			};
			name = Release;
		};
		C5D369881DD58CDC005D23EE /* Debug */ = {
			isa = XCBuildConfiguration;
			buildSettings = {
				ASSETCATALOG_COMPILER_APPICON_NAME = AppIcon;
				DEVELOPMENT_TEAM = 95Q9F9WGT3;
				INFOPLIST_FILE = Example/Info.plist;
				IPHONEOS_DEPLOYMENT_TARGET = 9.0;
				LD_RUNPATH_SEARCH_PATHS = "$(inherited) @executable_path/Frameworks";
				PRODUCT_BUNDLE_IDENTIFIER = com.tamanyan.PageTabViewController.Example;
				PRODUCT_NAME = "$(TARGET_NAME)";
				SWIFT_VERSION = 3.0;
			};
			name = Debug;
		};
		C5D369891DD58CDC005D23EE /* Release */ = {
			isa = XCBuildConfiguration;
			buildSettings = {
				ASSETCATALOG_COMPILER_APPICON_NAME = AppIcon;
				DEVELOPMENT_TEAM = 95Q9F9WGT3;
				INFOPLIST_FILE = Example/Info.plist;
				IPHONEOS_DEPLOYMENT_TARGET = 9.0;
				LD_RUNPATH_SEARCH_PATHS = "$(inherited) @executable_path/Frameworks";
				PRODUCT_BUNDLE_IDENTIFIER = com.tamanyan.PageTabViewController.Example;
				PRODUCT_NAME = "$(TARGET_NAME)";
				SWIFT_VERSION = 3.0;
			};
			name = Release;
		};
/* End XCBuildConfiguration section */

/* Begin XCConfigurationList section */
		C5D369671DD58CDC005D23EE /* Build configuration list for PBXProject "Example" */ = {
			isa = XCConfigurationList;
			buildConfigurations = (
				C5D369851DD58CDC005D23EE /* Debug */,
				C5D369861DD58CDC005D23EE /* Release */,
			);
			defaultConfigurationIsVisible = 0;
			defaultConfigurationName = Release;
		};
		C5D369871DD58CDC005D23EE /* Build configuration list for PBXNativeTarget "Example" */ = {
			isa = XCConfigurationList;
			buildConfigurations = (
				C5D369881DD58CDC005D23EE /* Debug */,
				C5D369891DD58CDC005D23EE /* Release */,
			);
			defaultConfigurationIsVisible = 0;
			defaultConfigurationName = Release;
		};
/* End XCConfigurationList section */
	};
	rootObject = C5D369641DD58CDC005D23EE /* Project object */;
}
